github.com/lib/pq v1.10.7 h1:p7ZhMD+KsSRozJr34udlUrhboJwWAgCg34+/ZZNvZZw=
github.com/lib/pq v1.10.7/go.mod h1:AlVN5x4E4T544tWzH6hKfbfQvm3HdbOxrmggDNAPY9o=
github.com/simplylib/multierror v0.0.1 h1:0lh8T7jcuOx9RL2tdiZJ7PcNhxuFFWIqY7aZaPnBpFQ=
github.com/simplylib/multierror v0.0.1/go.mod h1:na9RFlzGQKHwZjlfE0guLlmyGsdRuSSksqTeuwEVItQ=
