github.com/lib/pq v1.10.8 h1:3fdt97i/cwSU83+E0hZTC/Xpc9mTZxc6UWSCRcSbxiE=
github.com/lib/pq v1.10.8/go.mod h1:AlVN5x4E4T544tWzH6hKfbfQvm3HdbOxrmggDNAPY9o=
github.com/simplylib/multierror v0.0.2 h1:72szhIdMVOyyT7cJ9H7BgehRoWe54ELWHbSlQ/f8Z8Y=
github.com/simplylib/multierror v0.0.2/go.mod h1:na9RFlzGQKHwZjlfE0guLlmyGsdRuSSksqTeuwEVItQ=
